
Microsoft Visual Studio Solution File, Format Version 12.00
# Visual Studio Version 17
VisualStudioVersion = 17.11.35327.3
MinimumVisualStudioVersion = 10.0.40219.1
Project("{9A19103F-16F7-4668-BE54-9A1E7A4F7556}") = "BlazorWebAppMovies", "BlazorWebAppMovies.csproj", "{799F42EC-5399-49E1-9387-1D1C916140AF}"
EndProject
Project("{2150E333-8FDC-42A3-9474-1A3956D46DE8}") = "Solution Items", "Solution Items", "{0150F5F7-978B-4BA9-8596-5CA639E8603C}"
EndProject
Global
	GlobalSection(SolutionConfigurationPlatforms) = preSolution
		Debug|Any CPU = Debug|Any CPU
		Release|Any CPU = Release|Any CPU
	EndGlobalSection
	GlobalSection(ProjectConfigurationPlatforms) = postSolution
		{799F42EC-5399-49E1-9387-1D1C916140AF}.Debug|Any CPU.ActiveCfg = Debug|Any CPU
		{799F42EC-5399-49E1-9387-1D1C916140AF}.Debug|Any CPU.Build.0 = Debug|Any CPU
		{799F42EC-5399-49E1-9387-1D1C916140AF}.Release|Any CPU.ActiveCfg = Release|Any CPU
		{799F42EC-5399-49E1-9387-1D1C916140AF}.Release|Any CPU.Build.0 = Release|Any CPU
	EndGlobalSection
	GlobalSection(SolutionProperties) = preSolution
		HideSolutionNode = FALSE
	EndGlobalSection
	GlobalSection(ExtensibilityGlobals) = postSolution
		SolutionGuid = {3D054BB7-77CC-4739-B80F-4CD927221394}
	EndGlobalSection
EndGlobal
